
Microsoft Visual Studio Solution File, Format Version 12.00
# Visual Studio 15
VisualStudioVersion = 15.0.26730.16
MinimumVisualStudioVersion = 10.0.40219.1
Project("{6EC3EE1D-3C4E-46DD-8F32-0CC8E7565705}") = "ApiCheck", "src\ApiCheck\ApiCheck.fsproj", "{B8581C74-7399-4224-AC1B-06D804F6E044}"
EndProject
Project("{6EC3EE1D-3C4E-46DD-8F32-0CC8E7565705}") = "ApiCheck.Test", "test\ApiCheck.Test\ApiCheck.Test.fsproj", "{E5F27083-4D33-4D83-9986-53A2840BECC3}"
EndProject
Global
	GlobalSection(SolutionConfigurationPlatforms) = preSolution
		Debug|Any CPU = Debug|Any CPU
		Release|Any CPU = Release|Any CPU
	EndGlobalSection
	GlobalSection(ProjectConfigurationPlatforms) = postSolution
		{B8581C74-7399-4224-AC1B-06D804F6E044}.Debug|Any CPU.ActiveCfg = Debug|Any CPU
		{B8581C74-7399-4224-AC1B-06D804F6E044}.Debug|Any CPU.Build.0 = Debug|Any CPU
		{B8581C74-7399-4224-AC1B-06D804F6E044}.Release|Any CPU.ActiveCfg = Release|Any CPU
		{B8581C74-7399-4224-AC1B-06D804F6E044}.Release|Any CPU.Build.0 = Release|Any CPU
		{E5F27083-4D33-4D83-9986-53A2840BECC3}.Debug|Any CPU.ActiveCfg = Debug|Any CPU
		{E5F27083-4D33-4D83-9986-53A2840BECC3}.Debug|Any CPU.Build.0 = Debug|Any CPU
		{E5F27083-4D33-4D83-9986-53A2840BECC3}.Release|Any CPU.ActiveCfg = Release|Any CPU
		{E5F27083-4D33-4D83-9986-53A2840BECC3}.Release|Any CPU.Build.0 = Release|Any CPU
	EndGlobalSection
	GlobalSection(SolutionProperties) = preSolution
		HideSolutionNode = FALSE
	EndGlobalSection
	GlobalSection(ExtensibilityGlobals) = postSolution
		SolutionGuid = {03288108-8BF1-417D-A1E1-0677589FBFE5}
	EndGlobalSection
EndGlobal
