Microsoft Visual Studio Solution File, Format Version 12.00
# Visual Studio 15
VisualStudioVersion = 15.0.26730.16
MinimumVisualStudioVersion = 10.0.40219.1
Project("{2150E333-8FDC-42A3-9474-1A3956D46DE8}") = "src", "src", "{A6EAF670-900F-4807-8970-367F179EC235}"
EndProject
Project("{2150E333-8FDC-42A3-9474-1A3956D46DE8}") = "test", "test", "{3943FB51-5843-4C50-B191-FCD5E19624B9}"
EndProject
Project("{6EC3EE1D-3C4E-46DD-8F32-0CC8E7565705}") = "API.Test", "test\API.Test\API.Test.fsproj", "{DA850308-F6CA-46C2-96F1-29B035548565}"
EndProject
Project("{9A19103F-16F7-4668-BE54-9A1E7A4F7556}") = "API", "src\API\API.csproj", "{AD52C833-069F-4BDC-8600-DDC400DA3EF6}"
EndProject
Project("{9A19103F-16F7-4668-BE54-9A1E7A4F7556}") = "Browser", "src\Browser\Browser.csproj", "{13F86463-014B-4ACD-87CF-87F3E60D7A9C}"
EndProject
Project("{9A19103F-16F7-4668-BE54-9A1E7A4F7556}") = "ExampleSite", "test\Automated.Test.ExampleSite\ExampleSite.csproj", "{17CF8C19-D339-4BA7-901A-27C90A04DD54}"
EndProject
Project("{FAE04EC0-301F-11D3-BF4B-00C04F79EFBC}") = "Browser.UnitTest", "test\Browser.UnitTest\Browser.UnitTest.csproj", "{FECE7166-C2D4-441C-BA97-B2966C39484D}"
EndProject
Global
	GlobalSection(SolutionConfigurationPlatforms) = preSolution
		Debug|Any CPU = Debug|Any CPU
		Debug|x64 = Debug|x64
		Debug|x86 = Debug|x86
		Release|Any CPU = Release|Any CPU
		Release|x64 = Release|x64
		Release|x86 = Release|x86
	EndGlobalSection
	GlobalSection(ProjectConfigurationPlatforms) = postSolution
		{DA850308-F6CA-46C2-96F1-29B035548565}.Debug|Any CPU.ActiveCfg = Debug|Any CPU
		{DA850308-F6CA-46C2-96F1-29B035548565}.Debug|Any CPU.Build.0 = Debug|Any CPU
		{DA850308-F6CA-46C2-96F1-29B035548565}.Debug|x64.ActiveCfg = Debug|Any CPU
		{DA850308-F6CA-46C2-96F1-29B035548565}.Debug|x64.Build.0 = Debug|Any CPU
		{DA850308-F6CA-46C2-96F1-29B035548565}.Debug|x86.ActiveCfg = Debug|Any CPU
		{DA850308-F6CA-46C2-96F1-29B035548565}.Debug|x86.Build.0 = Debug|Any CPU
		{DA850308-F6CA-46C2-96F1-29B035548565}.Release|Any CPU.ActiveCfg = Release|Any CPU
		{DA850308-F6CA-46C2-96F1-29B035548565}.Release|Any CPU.Build.0 = Release|Any CPU
		{DA850308-F6CA-46C2-96F1-29B035548565}.Release|x64.ActiveCfg = Release|Any CPU
		{DA850308-F6CA-46C2-96F1-29B035548565}.Release|x64.Build.0 = Release|Any CPU
		{DA850308-F6CA-46C2-96F1-29B035548565}.Release|x86.ActiveCfg = Release|Any CPU
		{DA850308-F6CA-46C2-96F1-29B035548565}.Release|x86.Build.0 = Release|Any CPU
		{AD52C833-069F-4BDC-8600-DDC400DA3EF6}.Debug|Any CPU.ActiveCfg = Debug|Any CPU
		{AD52C833-069F-4BDC-8600-DDC400DA3EF6}.Debug|Any CPU.Build.0 = Debug|Any CPU
		{AD52C833-069F-4BDC-8600-DDC400DA3EF6}.Debug|x64.ActiveCfg = Debug|Any CPU
		{AD52C833-069F-4BDC-8600-DDC400DA3EF6}.Debug|x64.Build.0 = Debug|Any CPU
		{AD52C833-069F-4BDC-8600-DDC400DA3EF6}.Debug|x86.ActiveCfg = Debug|Any CPU
		{AD52C833-069F-4BDC-8600-DDC400DA3EF6}.Debug|x86.Build.0 = Debug|Any CPU
		{AD52C833-069F-4BDC-8600-DDC400DA3EF6}.Release|Any CPU.ActiveCfg = Release|Any CPU
		{AD52C833-069F-4BDC-8600-DDC400DA3EF6}.Release|Any CPU.Build.0 = Release|Any CPU
		{AD52C833-069F-4BDC-8600-DDC400DA3EF6}.Release|x64.ActiveCfg = Release|Any CPU
		{AD52C833-069F-4BDC-8600-DDC400DA3EF6}.Release|x64.Build.0 = Release|Any CPU
		{AD52C833-069F-4BDC-8600-DDC400DA3EF6}.Release|x86.ActiveCfg = Release|Any CPU
		{AD52C833-069F-4BDC-8600-DDC400DA3EF6}.Release|x86.Build.0 = Release|Any CPU
		{13F86463-014B-4ACD-87CF-87F3E60D7A9C}.Debug|Any CPU.ActiveCfg = Debug|Any CPU
		{13F86463-014B-4ACD-87CF-87F3E60D7A9C}.Debug|Any CPU.Build.0 = Debug|Any CPU
		{13F86463-014B-4ACD-87CF-87F3E60D7A9C}.Debug|x64.ActiveCfg = Debug|Any CPU
		{13F86463-014B-4ACD-87CF-87F3E60D7A9C}.Debug|x64.Build.0 = Debug|Any CPU
		{13F86463-014B-4ACD-87CF-87F3E60D7A9C}.Debug|x86.ActiveCfg = Debug|Any CPU
		{13F86463-014B-4ACD-87CF-87F3E60D7A9C}.Debug|x86.Build.0 = Debug|Any CPU
		{13F86463-014B-4ACD-87CF-87F3E60D7A9C}.Release|Any CPU.ActiveCfg = Release|Any CPU
		{13F86463-014B-4ACD-87CF-87F3E60D7A9C}.Release|Any CPU.Build.0 = Release|Any CPU
		{13F86463-014B-4ACD-87CF-87F3E60D7A9C}.Release|x64.ActiveCfg = Release|Any CPU
		{13F86463-014B-4ACD-87CF-87F3E60D7A9C}.Release|x64.Build.0 = Release|Any CPU
		{13F86463-014B-4ACD-87CF-87F3E60D7A9C}.Release|x86.ActiveCfg = Release|Any CPU
		{13F86463-014B-4ACD-87CF-87F3E60D7A9C}.Release|x86.Build.0 = Release|Any CPU
		{17CF8C19-D339-4BA7-901A-27C90A04DD54}.Debug|Any CPU.ActiveCfg = Debug|Any CPU
		{17CF8C19-D339-4BA7-901A-27C90A04DD54}.Debug|Any CPU.Build.0 = Debug|Any CPU
		{17CF8C19-D339-4BA7-901A-27C90A04DD54}.Debug|x64.ActiveCfg = Debug|Any CPU
		{17CF8C19-D339-4BA7-901A-27C90A04DD54}.Debug|x64.Build.0 = Debug|Any CPU
		{17CF8C19-D339-4BA7-901A-27C90A04DD54}.Debug|x86.ActiveCfg = Debug|Any CPU
		{17CF8C19-D339-4BA7-901A-27C90A04DD54}.Debug|x86.Build.0 = Debug|Any CPU
		{17CF8C19-D339-4BA7-901A-27C90A04DD54}.Release|Any CPU.ActiveCfg = Release|Any CPU
		{17CF8C19-D339-4BA7-901A-27C90A04DD54}.Release|Any CPU.Build.0 = Release|Any CPU
		{17CF8C19-D339-4BA7-901A-27C90A04DD54}.Release|x64.ActiveCfg = Release|Any CPU
		{17CF8C19-D339-4BA7-901A-27C90A04DD54}.Release|x64.Build.0 = Release|Any CPU
		{17CF8C19-D339-4BA7-901A-27C90A04DD54}.Release|x86.ActiveCfg = Release|Any CPU
		{17CF8C19-D339-4BA7-901A-27C90A04DD54}.Release|x86.Build.0 = Release|Any CPU
		{FECE7166-C2D4-441C-BA97-B2966C39484D}.Debug|Any CPU.ActiveCfg = Debug|Any CPU
		{FECE7166-C2D4-441C-BA97-B2966C39484D}.Debug|Any CPU.Build.0 = Debug|Any CPU
		{FECE7166-C2D4-441C-BA97-B2966C39484D}.Debug|x64.ActiveCfg = Debug|Any CPU
		{FECE7166-C2D4-441C-BA97-B2966C39484D}.Debug|x64.Build.0 = Debug|Any CPU
		{FECE7166-C2D4-441C-BA97-B2966C39484D}.Debug|x86.ActiveCfg = Debug|Any CPU
		{FECE7166-C2D4-441C-BA97-B2966C39484D}.Debug|x86.Build.0 = Debug|Any CPU
		{FECE7166-C2D4-441C-BA97-B2966C39484D}.Release|Any CPU.ActiveCfg = Release|Any CPU
		{FECE7166-C2D4-441C-BA97-B2966C39484D}.Release|Any CPU.Build.0 = Release|Any CPU
		{FECE7166-C2D4-441C-BA97-B2966C39484D}.Release|x64.ActiveCfg = Release|Any CPU
		{FECE7166-C2D4-441C-BA97-B2966C39484D}.Release|x64.Build.0 = Release|Any CPU
		{FECE7166-C2D4-441C-BA97-B2966C39484D}.Release|x86.ActiveCfg = Release|Any CPU
		{FECE7166-C2D4-441C-BA97-B2966C39484D}.Release|x86.Build.0 = Release|Any CPU
	EndGlobalSection
	GlobalSection(SolutionProperties) = preSolution
		HideSolutionNode = FALSE
	EndGlobalSection
	GlobalSection(NestedProjects) = preSolution
		{DA850308-F6CA-46C2-96F1-29B035548565} = {3943FB51-5843-4C50-B191-FCD5E19624B9}
		{AD52C833-069F-4BDC-8600-DDC400DA3EF6} = {A6EAF670-900F-4807-8970-367F179EC235}
		{13F86463-014B-4ACD-87CF-87F3E60D7A9C} = {A6EAF670-900F-4807-8970-367F179EC235}
		{17CF8C19-D339-4BA7-901A-27C90A04DD54} = {3943FB51-5843-4C50-B191-FCD5E19624B9}
		{FECE7166-C2D4-441C-BA97-B2966C39484D} = {3943FB51-5843-4C50-B191-FCD5E19624B9}
	EndGlobalSection
	GlobalSection(ExtensibilityGlobals) = postSolution
		SolutionGuid = {03288108-8BF1-417D-A1E1-0677589FBFE5}
	EndGlobalSection
EndGlobal
